
Microsoft Visual Studio Solution File, Format Version 12.00
# Visual Studio Version 17
VisualStudioVersion = 17.6.33829.357
MinimumVisualStudioVersion = 10.0.40219.1
Project("{FAE04EC0-301F-11D3-BF4B-00C04F79EFBC}") = "StoreManagementWFA", "StoreManagementWFA\StoreManagementWFA.csproj", "{E4407A39-D058-4AD9-AEDF-4DA9AC21DD97}"
EndProject
Global
	GlobalSection(SolutionConfigurationPlatforms) = preSolution
		Debug|Any CPU = Debug|Any CPU
		Release|Any CPU = Release|Any CPU
	EndGlobalSection
	GlobalSection(ProjectConfigurationPlatforms) = postSolution
		{E4407A39-D058-4AD9-AEDF-4DA9AC21DD97}.Debug|Any CPU.ActiveCfg = Debug|Any CPU
		{E4407A39-D058-4AD9-AEDF-4DA9AC21DD97}.Debug|Any CPU.Build.0 = Debug|Any CPU
		{E4407A39-D058-4AD9-AEDF-4DA9AC21DD97}.Release|Any CPU.ActiveCfg = Release|Any CPU
		{E4407A39-D058-4AD9-AEDF-4DA9AC21DD97}.Release|Any CPU.Build.0 = Release|Any CPU
	EndGlobalSection
	GlobalSection(SolutionProperties) = preSolution
		HideSolutionNode = FALSE
	EndGlobalSection
	GlobalSection(ExtensibilityGlobals) = postSolution
		SolutionGuid = {4F1151A1-DFDB-4C9F-B428-91AF154F1136}
	EndGlobalSection
EndGlobal
